
Microsoft Visual Studio Solution File, Format Version 12.00
# Visual Studio Version 17
VisualStudioVersion = 17.8.34525.116
MinimumVisualStudioVersion = 10.0.40219.1
Project("{FAE04EC0-301F-11D3-BF4B-00C04F79EFBC}") = "CRUDWebAPICleanArch.Core", "CRUDWebAPICleanArch.Core\CRUDWebAPICleanArch.Core.csproj", "{BDC1187D-078D-4F56-BB4F-413584066E27}"
EndProject
Project("{FAE04EC0-301F-11D3-BF4B-00C04F79EFBC}") = "CRUDWebAPICleanArch.Application", "CRUDWebAPICleanArch.Application\CRUDWebAPICleanArch.Application.csproj", "{E564BC6B-01A0-406D-9D39-2EE40BA9F941}"
EndProject
Project("{FAE04EC0-301F-11D3-BF4B-00C04F79EFBC}") = "CRUDWebAPICleanArch.Logging", "CRUDWebAPICleanArch.Logging\CRUDWebAPICleanArch.Logging.csproj", "{B8BF6D50-A21D-4D31-B38C-351D5C0B663D}"
EndProject
Project("{FAE04EC0-301F-11D3-BF4B-00C04F79EFBC}") = "CRUDWebAPICleanArch.Infrastructure", "CRUDWebAPICleanArch.Infrastructure\CRUDWebAPICleanArch.Infrastructure.csproj", "{AB1031B8-0211-4C8F-8F24-BF72238EFB22}"
EndProject
Project("{FAE04EC0-301F-11D3-BF4B-00C04F79EFBC}") = "CRUDWebAPICleanArch.API", "CRUDWebAPICleanArch.API\CRUDWebAPICleanArch.API.csproj", "{758DB4BB-6520-4209-8CED-8E1BCAC77F35}"
EndProject
Global
	GlobalSection(SolutionConfigurationPlatforms) = preSolution
		Debug|Any CPU = Debug|Any CPU
		Release|Any CPU = Release|Any CPU
	EndGlobalSection
	GlobalSection(ProjectConfigurationPlatforms) = postSolution
		{BDC1187D-078D-4F56-BB4F-413584066E27}.Debug|Any CPU.ActiveCfg = Debug|Any CPU
		{BDC1187D-078D-4F56-BB4F-413584066E27}.Debug|Any CPU.Build.0 = Debug|Any CPU
		{BDC1187D-078D-4F56-BB4F-413584066E27}.Release|Any CPU.ActiveCfg = Release|Any CPU
		{BDC1187D-078D-4F56-BB4F-413584066E27}.Release|Any CPU.Build.0 = Release|Any CPU
		{E564BC6B-01A0-406D-9D39-2EE40BA9F941}.Debug|Any CPU.ActiveCfg = Debug|Any CPU
		{E564BC6B-01A0-406D-9D39-2EE40BA9F941}.Debug|Any CPU.Build.0 = Debug|Any CPU
		{E564BC6B-01A0-406D-9D39-2EE40BA9F941}.Release|Any CPU.ActiveCfg = Release|Any CPU
		{E564BC6B-01A0-406D-9D39-2EE40BA9F941}.Release|Any CPU.Build.0 = Release|Any CPU
		{B8BF6D50-A21D-4D31-B38C-351D5C0B663D}.Debug|Any CPU.ActiveCfg = Debug|Any CPU
		{B8BF6D50-A21D-4D31-B38C-351D5C0B663D}.Debug|Any CPU.Build.0 = Debug|Any CPU
		{B8BF6D50-A21D-4D31-B38C-351D5C0B663D}.Release|Any CPU.ActiveCfg = Release|Any CPU
		{B8BF6D50-A21D-4D31-B38C-351D5C0B663D}.Release|Any CPU.Build.0 = Release|Any CPU
		{AB1031B8-0211-4C8F-8F24-BF72238EFB22}.Debug|Any CPU.ActiveCfg = Debug|Any CPU
		{AB1031B8-0211-4C8F-8F24-BF72238EFB22}.Debug|Any CPU.Build.0 = Debug|Any CPU
		{AB1031B8-0211-4C8F-8F24-BF72238EFB22}.Release|Any CPU.ActiveCfg = Release|Any CPU
		{AB1031B8-0211-4C8F-8F24-BF72238EFB22}.Release|Any CPU.Build.0 = Release|Any CPU
		{758DB4BB-6520-4209-8CED-8E1BCAC77F35}.Debug|Any CPU.ActiveCfg = Debug|Any CPU
		{758DB4BB-6520-4209-8CED-8E1BCAC77F35}.Debug|Any CPU.Build.0 = Debug|Any CPU
		{758DB4BB-6520-4209-8CED-8E1BCAC77F35}.Release|Any CPU.ActiveCfg = Release|Any CPU
		{758DB4BB-6520-4209-8CED-8E1BCAC77F35}.Release|Any CPU.Build.0 = Release|Any CPU
	EndGlobalSection
	GlobalSection(SolutionProperties) = preSolution
		HideSolutionNode = FALSE
	EndGlobalSection
	GlobalSection(ExtensibilityGlobals) = postSolution
		SolutionGuid = {FC63A6D3-DD2F-4559-B9AD-A97BA2858DE2}
	EndGlobalSection
EndGlobal
